
Microsoft Visual Studio Solution File, Format Version 12.00
# Visual Studio 15
VisualStudioVersion = 15.0.26430.6
MinimumVisualStudioVersion = 10.0.40219.1
Project("{2150E333-8FDC-42A3-9474-1A3956D46DE8}") = "Solution Items", "Solution Items", "{91AC3ED2-7CF4-4F0B-9300-36185CC6B831}"
	ProjectSection(SolutionItems) = preProject
		.gitignore = .gitignore
		global.json = global.json
		readme-sample.png = readme-sample.png
		README.md = README.md
	EndProjectSection
EndProject
Project("{2150E333-8FDC-42A3-9474-1A3956D46DE8}") = "src", "src", "{BCDFFE35-4DCF-491D-B527-C92ECDC1C4A2}"
EndProject
Project("{2150E333-8FDC-42A3-9474-1A3956D46DE8}") = "test", "test", "{ACA2B98A-4BD6-4D45-9994-A2AB63321759}"
EndProject
Project("{2150E333-8FDC-42A3-9474-1A3956D46DE8}") = "samples", "samples", "{70B3577B-F19C-4673-BC2C-283D870BC462}"
EndProject
Project("{9A19103F-16F7-4668-BE54-9A1E7A4F7556}") = "BootstrapMvc.Core", "src\BootstrapMvc.Core\BootstrapMvc.Core.csproj", "{9D25A056-EB47-491E-97CB-E6B7C2A9A6DE}"
EndProject
Project("{9A19103F-16F7-4668-BE54-9A1E7A4F7556}") = "BootstrapMvc.Bootstrap3", "src\BootstrapMvc.Bootstrap3\BootstrapMvc.Bootstrap3.csproj", "{5467EBE3-8621-4BA2-AD83-5E635D914C1D}"
EndProject
Project("{9A19103F-16F7-4668-BE54-9A1E7A4F7556}") = "BootstrapMvc.Bootstrap4", "src\BootstrapMvc.Bootstrap4\BootstrapMvc.Bootstrap4.csproj", "{5A06DFD4-6F2A-41F9-9B9C-C33FEC55A3B2}"
EndProject
Project("{9A19103F-16F7-4668-BE54-9A1E7A4F7556}") = "BootstrapMvc.BootstrapCommon", "src\BootstrapMvc.BootstrapCommon\BootstrapMvc.BootstrapCommon.csproj", "{026977AB-5137-4079-BA22-0FC42C9EFC42}"
EndProject
Project("{9A19103F-16F7-4668-BE54-9A1E7A4F7556}") = "BootstrapMvc.Mvc5", "src\BootstrapMvc.Mvc5\BootstrapMvc.Mvc5.csproj", "{5A3522ED-6909-483D-B7CB-F6A59A34F0F6}"
EndProject
Project("{9A19103F-16F7-4668-BE54-9A1E7A4F7556}") = "BootstrapMvc.Mvc6", "src\BootstrapMvc.Mvc6\BootstrapMvc.Mvc6.csproj", "{53ABEC18-AD56-45BA-8EA7-44CD908005C4}"
EndProject
Project("{9A19103F-16F7-4668-BE54-9A1E7A4F7556}") = "BootstrapMvc.Bootstrap3Mvc5", "src\BootstrapMvc.Bootstrap3Mvc5\BootstrapMvc.Bootstrap3Mvc5.csproj", "{C8B9AE41-51D1-43BF-9951-9F318F4B1452}"
EndProject
Project("{9A19103F-16F7-4668-BE54-9A1E7A4F7556}") = "BootstrapMvc.Bootstrap3Mvc6", "src\BootstrapMvc.Bootstrap3Mvc6\BootstrapMvc.Bootstrap3Mvc6.csproj", "{BEF9AFED-6173-466E-9718-69F3AF25AD8F}"
EndProject
Project("{9A19103F-16F7-4668-BE54-9A1E7A4F7556}") = "BootstrapMvc.Bootstrap4Mvc6", "src\BootstrapMvc.Bootstrap4Mvc6\BootstrapMvc.Bootstrap4Mvc6.csproj", "{50E1B10D-5029-46B7-A4AA-E9132B6BE0A0}"
EndProject
Project("{9A19103F-16F7-4668-BE54-9A1E7A4F7556}") = "Bootstrap3Mvc6.Sample", "samples\Bootstrap3Mvc6.Sample\Bootstrap3Mvc6.Sample.csproj", "{1C12DCEA-C446-4CFC-AFDA-95051DB1E2EC}"
EndProject
Project("{9A19103F-16F7-4668-BE54-9A1E7A4F7556}") = "Bootstrap4Mvc6.Sample", "samples\Bootstrap4Mvc6.Sample\Bootstrap4Mvc6.Sample.csproj", "{DB554159-18EB-4D4F-AABB-AA36D201A202}"
EndProject
Global
	GlobalSection(SolutionConfigurationPlatforms) = preSolution
		Debug|Any CPU = Debug|Any CPU
		Debug|ARM = Debug|ARM
		Debug|x64 = Debug|x64
		Debug|x86 = Debug|x86
		Release|Any CPU = Release|Any CPU
		Release|ARM = Release|ARM
		Release|x64 = Release|x64
		Release|x86 = Release|x86
	EndGlobalSection
	GlobalSection(ProjectConfigurationPlatforms) = postSolution
		{9D25A056-EB47-491E-97CB-E6B7C2A9A6DE}.Debug|Any CPU.ActiveCfg = Debug|Any CPU
		{9D25A056-EB47-491E-97CB-E6B7C2A9A6DE}.Debug|Any CPU.Build.0 = Debug|Any CPU
		{9D25A056-EB47-491E-97CB-E6B7C2A9A6DE}.Debug|ARM.ActiveCfg = Debug|Any CPU
		{9D25A056-EB47-491E-97CB-E6B7C2A9A6DE}.Debug|ARM.Build.0 = Debug|Any CPU
		{9D25A056-EB47-491E-97CB-E6B7C2A9A6DE}.Debug|x64.ActiveCfg = Debug|Any CPU
		{9D25A056-EB47-491E-97CB-E6B7C2A9A6DE}.Debug|x64.Build.0 = Debug|Any CPU
		{9D25A056-EB47-491E-97CB-E6B7C2A9A6DE}.Debug|x86.ActiveCfg = Debug|Any CPU
		{9D25A056-EB47-491E-97CB-E6B7C2A9A6DE}.Debug|x86.Build.0 = Debug|Any CPU
		{9D25A056-EB47-491E-97CB-E6B7C2A9A6DE}.Release|Any CPU.ActiveCfg = Release|Any CPU
		{9D25A056-EB47-491E-97CB-E6B7C2A9A6DE}.Release|Any CPU.Build.0 = Release|Any CPU
		{9D25A056-EB47-491E-97CB-E6B7C2A9A6DE}.Release|ARM.ActiveCfg = Release|Any CPU
		{9D25A056-EB47-491E-97CB-E6B7C2A9A6DE}.Release|ARM.Build.0 = Release|Any CPU
		{9D25A056-EB47-491E-97CB-E6B7C2A9A6DE}.Release|x64.ActiveCfg = Release|Any CPU
		{9D25A056-EB47-491E-97CB-E6B7C2A9A6DE}.Release|x64.Build.0 = Release|Any CPU
		{9D25A056-EB47-491E-97CB-E6B7C2A9A6DE}.Release|x86.ActiveCfg = Release|Any CPU
		{9D25A056-EB47-491E-97CB-E6B7C2A9A6DE}.Release|x86.Build.0 = Release|Any CPU
		{5467EBE3-8621-4BA2-AD83-5E635D914C1D}.Debug|Any CPU.ActiveCfg = Debug|Any CPU
		{5467EBE3-8621-4BA2-AD83-5E635D914C1D}.Debug|Any CPU.Build.0 = Debug|Any CPU
		{5467EBE3-8621-4BA2-AD83-5E635D914C1D}.Debug|ARM.ActiveCfg = Debug|Any CPU
		{5467EBE3-8621-4BA2-AD83-5E635D914C1D}.Debug|ARM.Build.0 = Debug|Any CPU
		{5467EBE3-8621-4BA2-AD83-5E635D914C1D}.Debug|x64.ActiveCfg = Debug|Any CPU
		{5467EBE3-8621-4BA2-AD83-5E635D914C1D}.Debug|x64.Build.0 = Debug|Any CPU
		{5467EBE3-8621-4BA2-AD83-5E635D914C1D}.Debug|x86.ActiveCfg = Debug|Any CPU
		{5467EBE3-8621-4BA2-AD83-5E635D914C1D}.Debug|x86.Build.0 = Debug|Any CPU
		{5467EBE3-8621-4BA2-AD83-5E635D914C1D}.Release|Any CPU.ActiveCfg = Release|Any CPU
		{5467EBE3-8621-4BA2-AD83-5E635D914C1D}.Release|Any CPU.Build.0 = Release|Any CPU
		{5467EBE3-8621-4BA2-AD83-5E635D914C1D}.Release|ARM.ActiveCfg = Release|Any CPU
		{5467EBE3-8621-4BA2-AD83-5E635D914C1D}.Release|ARM.Build.0 = Release|Any CPU
		{5467EBE3-8621-4BA2-AD83-5E635D914C1D}.Release|x64.ActiveCfg = Release|Any CPU
		{5467EBE3-8621-4BA2-AD83-5E635D914C1D}.Release|x64.Build.0 = Release|Any CPU
		{5467EBE3-8621-4BA2-AD83-5E635D914C1D}.Release|x86.ActiveCfg = Release|Any CPU
		{5467EBE3-8621-4BA2-AD83-5E635D914C1D}.Release|x86.Build.0 = Release|Any CPU
		{5A06DFD4-6F2A-41F9-9B9C-C33FEC55A3B2}.Debug|Any CPU.ActiveCfg = Debug|Any CPU
		{5A06DFD4-6F2A-41F9-9B9C-C33FEC55A3B2}.Debug|Any CPU.Build.0 = Debug|Any CPU
		{5A06DFD4-6F2A-41F9-9B9C-C33FEC55A3B2}.Debug|ARM.ActiveCfg = Debug|Any CPU
		{5A06DFD4-6F2A-41F9-9B9C-C33FEC55A3B2}.Debug|ARM.Build.0 = Debug|Any CPU
		{5A06DFD4-6F2A-41F9-9B9C-C33FEC55A3B2}.Debug|x64.ActiveCfg = Debug|Any CPU
		{5A06DFD4-6F2A-41F9-9B9C-C33FEC55A3B2}.Debug|x64.Build.0 = Debug|Any CPU
		{5A06DFD4-6F2A-41F9-9B9C-C33FEC55A3B2}.Debug|x86.ActiveCfg = Debug|Any CPU
		{5A06DFD4-6F2A-41F9-9B9C-C33FEC55A3B2}.Debug|x86.Build.0 = Debug|Any CPU
		{5A06DFD4-6F2A-41F9-9B9C-C33FEC55A3B2}.Release|Any CPU.ActiveCfg = Release|Any CPU
		{5A06DFD4-6F2A-41F9-9B9C-C33FEC55A3B2}.Release|Any CPU.Build.0 = Release|Any CPU
		{5A06DFD4-6F2A-41F9-9B9C-C33FEC55A3B2}.Release|ARM.ActiveCfg = Release|Any CPU
		{5A06DFD4-6F2A-41F9-9B9C-C33FEC55A3B2}.Release|ARM.Build.0 = Release|Any CPU
		{5A06DFD4-6F2A-41F9-9B9C-C33FEC55A3B2}.Release|x64.ActiveCfg = Release|Any CPU
		{5A06DFD4-6F2A-41F9-9B9C-C33FEC55A3B2}.Release|x64.Build.0 = Release|Any CPU
		{5A06DFD4-6F2A-41F9-9B9C-C33FEC55A3B2}.Release|x86.ActiveCfg = Release|Any CPU
		{5A06DFD4-6F2A-41F9-9B9C-C33FEC55A3B2}.Release|x86.Build.0 = Release|Any CPU
		{026977AB-5137-4079-BA22-0FC42C9EFC42}.Debug|Any CPU.ActiveCfg = Debug|Any CPU
		{026977AB-5137-4079-BA22-0FC42C9EFC42}.Debug|Any CPU.Build.0 = Debug|Any CPU
		{026977AB-5137-4079-BA22-0FC42C9EFC42}.Debug|ARM.ActiveCfg = Debug|Any CPU
		{026977AB-5137-4079-BA22-0FC42C9EFC42}.Debug|ARM.Build.0 = Debug|Any CPU
		{026977AB-5137-4079-BA22-0FC42C9EFC42}.Debug|x64.ActiveCfg = Debug|Any CPU
		{026977AB-5137-4079-BA22-0FC42C9EFC42}.Debug|x64.Build.0 = Debug|Any CPU
		{026977AB-5137-4079-BA22-0FC42C9EFC42}.Debug|x86.ActiveCfg = Debug|Any CPU
		{026977AB-5137-4079-BA22-0FC42C9EFC42}.Debug|x86.Build.0 = Debug|Any CPU
		{026977AB-5137-4079-BA22-0FC42C9EFC42}.Release|Any CPU.ActiveCfg = Release|Any CPU
		{026977AB-5137-4079-BA22-0FC42C9EFC42}.Release|Any CPU.Build.0 = Release|Any CPU
		{026977AB-5137-4079-BA22-0FC42C9EFC42}.Release|ARM.ActiveCfg = Release|Any CPU
		{026977AB-5137-4079-BA22-0FC42C9EFC42}.Release|ARM.Build.0 = Release|Any CPU
		{026977AB-5137-4079-BA22-0FC42C9EFC42}.Release|x64.ActiveCfg = Release|Any CPU
		{026977AB-5137-4079-BA22-0FC42C9EFC42}.Release|x64.Build.0 = Release|Any CPU
		{026977AB-5137-4079-BA22-0FC42C9EFC42}.Release|x86.ActiveCfg = Release|Any CPU
		{026977AB-5137-4079-BA22-0FC42C9EFC42}.Release|x86.Build.0 = Release|Any CPU
		{5A3522ED-6909-483D-B7CB-F6A59A34F0F6}.Debug|Any CPU.ActiveCfg = Debug|Any CPU
		{5A3522ED-6909-483D-B7CB-F6A59A34F0F6}.Debug|Any CPU.Build.0 = Debug|Any CPU
		{5A3522ED-6909-483D-B7CB-F6A59A34F0F6}.Debug|ARM.ActiveCfg = Debug|Any CPU
		{5A3522ED-6909-483D-B7CB-F6A59A34F0F6}.Debug|ARM.Build.0 = Debug|Any CPU
		{5A3522ED-6909-483D-B7CB-F6A59A34F0F6}.Debug|x64.ActiveCfg = Debug|Any CPU
		{5A3522ED-6909-483D-B7CB-F6A59A34F0F6}.Debug|x64.Build.0 = Debug|Any CPU
		{5A3522ED-6909-483D-B7CB-F6A59A34F0F6}.Debug|x86.ActiveCfg = Debug|Any CPU
		{5A3522ED-6909-483D-B7CB-F6A59A34F0F6}.Debug|x86.Build.0 = Debug|Any CPU
		{5A3522ED-6909-483D-B7CB-F6A59A34F0F6}.Release|Any CPU.ActiveCfg = Release|Any CPU
		{5A3522ED-6909-483D-B7CB-F6A59A34F0F6}.Release|Any CPU.Build.0 = Release|Any CPU
		{5A3522ED-6909-483D-B7CB-F6A59A34F0F6}.Release|ARM.ActiveCfg = Release|Any CPU
		{5A3522ED-6909-483D-B7CB-F6A59A34F0F6}.Release|ARM.Build.0 = Release|Any CPU
		{5A3522ED-6909-483D-B7CB-F6A59A34F0F6}.Release|x64.ActiveCfg = Release|Any CPU
		{5A3522ED-6909-483D-B7CB-F6A59A34F0F6}.Release|x64.Build.0 = Release|Any CPU
		{5A3522ED-6909-483D-B7CB-F6A59A34F0F6}.Release|x86.ActiveCfg = Release|Any CPU
		{5A3522ED-6909-483D-B7CB-F6A59A34F0F6}.Release|x86.Build.0 = Release|Any CPU
		{53ABEC18-AD56-45BA-8EA7-44CD908005C4}.Debug|Any CPU.ActiveCfg = Debug|Any CPU
		{53ABEC18-AD56-45BA-8EA7-44CD908005C4}.Debug|Any CPU.Build.0 = Debug|Any CPU
		{53ABEC18-AD56-45BA-8EA7-44CD908005C4}.Debug|ARM.ActiveCfg = Debug|Any CPU
		{53ABEC18-AD56-45BA-8EA7-44CD908005C4}.Debug|ARM.Build.0 = Debug|Any CPU
		{53ABEC18-AD56-45BA-8EA7-44CD908005C4}.Debug|x64.ActiveCfg = Debug|Any CPU
		{53ABEC18-AD56-45BA-8EA7-44CD908005C4}.Debug|x64.Build.0 = Debug|Any CPU
		{53ABEC18-AD56-45BA-8EA7-44CD908005C4}.Debug|x86.ActiveCfg = Debug|Any CPU
		{53ABEC18-AD56-45BA-8EA7-44CD908005C4}.Debug|x86.Build.0 = Debug|Any CPU
		{53ABEC18-AD56-45BA-8EA7-44CD908005C4}.Release|Any CPU.ActiveCfg = Release|Any CPU
		{53ABEC18-AD56-45BA-8EA7-44CD908005C4}.Release|Any CPU.Build.0 = Release|Any CPU
		{53ABEC18-AD56-45BA-8EA7-44CD908005C4}.Release|ARM.ActiveCfg = Release|Any CPU
		{53ABEC18-AD56-45BA-8EA7-44CD908005C4}.Release|ARM.Build.0 = Release|Any CPU
		{53ABEC18-AD56-45BA-8EA7-44CD908005C4}.Release|x64.ActiveCfg = Release|Any CPU
		{53ABEC18-AD56-45BA-8EA7-44CD908005C4}.Release|x64.Build.0 = Release|Any CPU
		{53ABEC18-AD56-45BA-8EA7-44CD908005C4}.Release|x86.ActiveCfg = Release|Any CPU
		{53ABEC18-AD56-45BA-8EA7-44CD908005C4}.Release|x86.Build.0 = Release|Any CPU
		{C8B9AE41-51D1-43BF-9951-9F318F4B1452}.Debug|Any CPU.ActiveCfg = Debug|Any CPU
		{C8B9AE41-51D1-43BF-9951-9F318F4B1452}.Debug|Any CPU.Build.0 = Debug|Any CPU
		{C8B9AE41-51D1-43BF-9951-9F318F4B1452}.Debug|ARM.ActiveCfg = Debug|Any CPU
		{C8B9AE41-51D1-43BF-9951-9F318F4B1452}.Debug|ARM.Build.0 = Debug|Any CPU
		{C8B9AE41-51D1-43BF-9951-9F318F4B1452}.Debug|x64.ActiveCfg = Debug|Any CPU
		{C8B9AE41-51D1-43BF-9951-9F318F4B1452}.Debug|x64.Build.0 = Debug|Any CPU
		{C8B9AE41-51D1-43BF-9951-9F318F4B1452}.Debug|x86.ActiveCfg = Debug|Any CPU
		{C8B9AE41-51D1-43BF-9951-9F318F4B1452}.Debug|x86.Build.0 = Debug|Any CPU
		{C8B9AE41-51D1-43BF-9951-9F318F4B1452}.Release|Any CPU.ActiveCfg = Release|Any CPU
		{C8B9AE41-51D1-43BF-9951-9F318F4B1452}.Release|Any CPU.Build.0 = Release|Any CPU
		{C8B9AE41-51D1-43BF-9951-9F318F4B1452}.Release|ARM.ActiveCfg = Release|Any CPU
		{C8B9AE41-51D1-43BF-9951-9F318F4B1452}.Release|ARM.Build.0 = Release|Any CPU
		{C8B9AE41-51D1-43BF-9951-9F318F4B1452}.Release|x64.ActiveCfg = Release|Any CPU
		{C8B9AE41-51D1-43BF-9951-9F318F4B1452}.Release|x64.Build.0 = Release|Any CPU
		{C8B9AE41-51D1-43BF-9951-9F318F4B1452}.Release|x86.ActiveCfg = Release|Any CPU
		{C8B9AE41-51D1-43BF-9951-9F318F4B1452}.Release|x86.Build.0 = Release|Any CPU
		{BEF9AFED-6173-466E-9718-69F3AF25AD8F}.Debug|Any CPU.ActiveCfg = Debug|Any CPU
		{BEF9AFED-6173-466E-9718-69F3AF25AD8F}.Debug|Any CPU.Build.0 = Debug|Any CPU
		{BEF9AFED-6173-466E-9718-69F3AF25AD8F}.Debug|ARM.ActiveCfg = Debug|Any CPU
		{BEF9AFED-6173-466E-9718-69F3AF25AD8F}.Debug|ARM.Build.0 = Debug|Any CPU
		{BEF9AFED-6173-466E-9718-69F3AF25AD8F}.Debug|x64.ActiveCfg = Debug|Any CPU
		{BEF9AFED-6173-466E-9718-69F3AF25AD8F}.Debug|x64.Build.0 = Debug|Any CPU
		{BEF9AFED-6173-466E-9718-69F3AF25AD8F}.Debug|x86.ActiveCfg = Debug|Any CPU
		{BEF9AFED-6173-466E-9718-69F3AF25AD8F}.Debug|x86.Build.0 = Debug|Any CPU
		{BEF9AFED-6173-466E-9718-69F3AF25AD8F}.Release|Any CPU.ActiveCfg = Release|Any CPU
		{BEF9AFED-6173-466E-9718-69F3AF25AD8F}.Release|Any CPU.Build.0 = Release|Any CPU
		{BEF9AFED-6173-466E-9718-69F3AF25AD8F}.Release|ARM.ActiveCfg = Release|Any CPU
		{BEF9AFED-6173-466E-9718-69F3AF25AD8F}.Release|ARM.Build.0 = Release|Any CPU
		{BEF9AFED-6173-466E-9718-69F3AF25AD8F}.Release|x64.ActiveCfg = Release|Any CPU
		{BEF9AFED-6173-466E-9718-69F3AF25AD8F}.Release|x64.Build.0 = Release|Any CPU
		{BEF9AFED-6173-466E-9718-69F3AF25AD8F}.Release|x86.ActiveCfg = Release|Any CPU
		{BEF9AFED-6173-466E-9718-69F3AF25AD8F}.Release|x86.Build.0 = Release|Any CPU
		{50E1B10D-5029-46B7-A4AA-E9132B6BE0A0}.Debug|Any CPU.ActiveCfg = Debug|Any CPU
		{50E1B10D-5029-46B7-A4AA-E9132B6BE0A0}.Debug|Any CPU.Build.0 = Debug|Any CPU
		{50E1B10D-5029-46B7-A4AA-E9132B6BE0A0}.Debug|ARM.ActiveCfg = Debug|Any CPU
		{50E1B10D-5029-46B7-A4AA-E9132B6BE0A0}.Debug|ARM.Build.0 = Debug|Any CPU
		{50E1B10D-5029-46B7-A4AA-E9132B6BE0A0}.Debug|x64.ActiveCfg = Debug|Any CPU
		{50E1B10D-5029-46B7-A4AA-E9132B6BE0A0}.Debug|x64.Build.0 = Debug|Any CPU
		{50E1B10D-5029-46B7-A4AA-E9132B6BE0A0}.Debug|x86.ActiveCfg = Debug|Any CPU
		{50E1B10D-5029-46B7-A4AA-E9132B6BE0A0}.Debug|x86.Build.0 = Debug|Any CPU
		{50E1B10D-5029-46B7-A4AA-E9132B6BE0A0}.Release|Any CPU.ActiveCfg = Release|Any CPU
		{50E1B10D-5029-46B7-A4AA-E9132B6BE0A0}.Release|Any CPU.Build.0 = Release|Any CPU
		{50E1B10D-5029-46B7-A4AA-E9132B6BE0A0}.Release|ARM.ActiveCfg = Release|Any CPU
		{50E1B10D-5029-46B7-A4AA-E9132B6BE0A0}.Release|ARM.Build.0 = Release|Any CPU
		{50E1B10D-5029-46B7-A4AA-E9132B6BE0A0}.Release|x64.ActiveCfg = Release|Any CPU
		{50E1B10D-5029-46B7-A4AA-E9132B6BE0A0}.Release|x64.Build.0 = Release|Any CPU
		{50E1B10D-5029-46B7-A4AA-E9132B6BE0A0}.Release|x86.ActiveCfg = Release|Any CPU
		{50E1B10D-5029-46B7-A4AA-E9132B6BE0A0}.Release|x86.Build.0 = Release|Any CPU
		{1C12DCEA-C446-4CFC-AFDA-95051DB1E2EC}.Debug|Any CPU.ActiveCfg = Debug|Any CPU
		{1C12DCEA-C446-4CFC-AFDA-95051DB1E2EC}.Debug|Any CPU.Build.0 = Debug|Any CPU
		{1C12DCEA-C446-4CFC-AFDA-95051DB1E2EC}.Debug|ARM.ActiveCfg = Debug|Any CPU
		{1C12DCEA-C446-4CFC-AFDA-95051DB1E2EC}.Debug|ARM.Build.0 = Debug|Any CPU
		{1C12DCEA-C446-4CFC-AFDA-95051DB1E2EC}.Debug|x64.ActiveCfg = Debug|Any CPU
		{1C12DCEA-C446-4CFC-AFDA-95051DB1E2EC}.Debug|x64.Build.0 = Debug|Any CPU
		{1C12DCEA-C446-4CFC-AFDA-95051DB1E2EC}.Debug|x86.ActiveCfg = Debug|Any CPU
		{1C12DCEA-C446-4CFC-AFDA-95051DB1E2EC}.Debug|x86.Build.0 = Debug|Any CPU
		{1C12DCEA-C446-4CFC-AFDA-95051DB1E2EC}.Release|Any CPU.ActiveCfg = Release|Any CPU
		{1C12DCEA-C446-4CFC-AFDA-95051DB1E2EC}.Release|Any CPU.Build.0 = Release|Any CPU
		{1C12DCEA-C446-4CFC-AFDA-95051DB1E2EC}.Release|ARM.ActiveCfg = Release|Any CPU
		{1C12DCEA-C446-4CFC-AFDA-95051DB1E2EC}.Release|ARM.Build.0 = Release|Any CPU
		{1C12DCEA-C446-4CFC-AFDA-95051DB1E2EC}.Release|x64.ActiveCfg = Release|Any CPU
		{1C12DCEA-C446-4CFC-AFDA-95051DB1E2EC}.Release|x64.Build.0 = Release|Any CPU
		{1C12DCEA-C446-4CFC-AFDA-95051DB1E2EC}.Release|x86.ActiveCfg = Release|Any CPU
		{1C12DCEA-C446-4CFC-AFDA-95051DB1E2EC}.Release|x86.Build.0 = Release|Any CPU
		{DB554159-18EB-4D4F-AABB-AA36D201A202}.Debug|Any CPU.ActiveCfg = Debug|Any CPU
		{DB554159-18EB-4D4F-AABB-AA36D201A202}.Debug|Any CPU.Build.0 = Debug|Any CPU
		{DB554159-18EB-4D4F-AABB-AA36D201A202}.Debug|ARM.ActiveCfg = Debug|Any CPU
		{DB554159-18EB-4D4F-AABB-AA36D201A202}.Debug|ARM.Build.0 = Debug|Any CPU
		{DB554159-18EB-4D4F-AABB-AA36D201A202}.Debug|x64.ActiveCfg = Debug|Any CPU
		{DB554159-18EB-4D4F-AABB-AA36D201A202}.Debug|x64.Build.0 = Debug|Any CPU
		{DB554159-18EB-4D4F-AABB-AA36D201A202}.Debug|x86.ActiveCfg = Debug|Any CPU
		{DB554159-18EB-4D4F-AABB-AA36D201A202}.Debug|x86.Build.0 = Debug|Any CPU
		{DB554159-18EB-4D4F-AABB-AA36D201A202}.Release|Any CPU.ActiveCfg = Release|Any CPU
		{DB554159-18EB-4D4F-AABB-AA36D201A202}.Release|Any CPU.Build.0 = Release|Any CPU
		{DB554159-18EB-4D4F-AABB-AA36D201A202}.Release|ARM.ActiveCfg = Release|Any CPU
		{DB554159-18EB-4D4F-AABB-AA36D201A202}.Release|ARM.Build.0 = Release|Any CPU
		{DB554159-18EB-4D4F-AABB-AA36D201A202}.Release|x64.ActiveCfg = Release|Any CPU
		{DB554159-18EB-4D4F-AABB-AA36D201A202}.Release|x64.Build.0 = Release|Any CPU
		{DB554159-18EB-4D4F-AABB-AA36D201A202}.Release|x86.ActiveCfg = Release|Any CPU
		{DB554159-18EB-4D4F-AABB-AA36D201A202}.Release|x86.Build.0 = Release|Any CPU
	EndGlobalSection
	GlobalSection(SolutionProperties) = preSolution
		HideSolutionNode = FALSE
	EndGlobalSection
	GlobalSection(NestedProjects) = preSolution
		{9D25A056-EB47-491E-97CB-E6B7C2A9A6DE} = {BCDFFE35-4DCF-491D-B527-C92ECDC1C4A2}
		{5467EBE3-8621-4BA2-AD83-5E635D914C1D} = {BCDFFE35-4DCF-491D-B527-C92ECDC1C4A2}
		{5A06DFD4-6F2A-41F9-9B9C-C33FEC55A3B2} = {BCDFFE35-4DCF-491D-B527-C92ECDC1C4A2}
		{026977AB-5137-4079-BA22-0FC42C9EFC42} = {BCDFFE35-4DCF-491D-B527-C92ECDC1C4A2}
		{5A3522ED-6909-483D-B7CB-F6A59A34F0F6} = {BCDFFE35-4DCF-491D-B527-C92ECDC1C4A2}
		{53ABEC18-AD56-45BA-8EA7-44CD908005C4} = {BCDFFE35-4DCF-491D-B527-C92ECDC1C4A2}
		{C8B9AE41-51D1-43BF-9951-9F318F4B1452} = {BCDFFE35-4DCF-491D-B527-C92ECDC1C4A2}
		{BEF9AFED-6173-466E-9718-69F3AF25AD8F} = {BCDFFE35-4DCF-491D-B527-C92ECDC1C4A2}
		{50E1B10D-5029-46B7-A4AA-E9132B6BE0A0} = {BCDFFE35-4DCF-491D-B527-C92ECDC1C4A2}
		{1C12DCEA-C446-4CFC-AFDA-95051DB1E2EC} = {70B3577B-F19C-4673-BC2C-283D870BC462}
		{DB554159-18EB-4D4F-AABB-AA36D201A202} = {70B3577B-F19C-4673-BC2C-283D870BC462}
	EndGlobalSection
EndGlobal
