
Microsoft Visual Studio Solution File, Format Version 12.00
# Visual Studio 2013
VisualStudioVersion = 12.0.31101.0
MinimumVisualStudioVersion = 10.0.40219.1
Project("{2150E333-8FDC-42A3-9474-1A3956D46DE8}") = ".nuget", ".nuget", "{5D0962F3-BEE2-4331-B9E3-A3EA65F62B94}"
	ProjectSection(SolutionItems) = preProject
		.nuget\NuGet.Config = .nuget\NuGet.Config
		.nuget\NuGet.exe = .nuget\NuGet.exe
		.nuget\NuGet.targets = .nuget\NuGet.targets
	EndProjectSection
EndProject
Project("{FAE04EC0-301F-11D3-BF4B-00C04F79EFBC}") = "BootstrapMvc.Core", "BootstrapMvc.Core\BootstrapMvc.Core.csproj", "{EA934FA0-71AA-4F8F-BD50-3AF7F487785A}"
EndProject
Project("{FAE04EC0-301F-11D3-BF4B-00C04F79EFBC}") = "BootstrapMvc.Mvc5", "BootstrapMvc.Mvc5\BootstrapMvc.Mvc5.csproj", "{E4B26AC5-D86E-4A87-8786-506283281EA9}"
EndProject
Project("{FAE04EC0-301F-11D3-BF4B-00C04F79EFBC}") = "BootstrapMvc.Bootstrap3", "BootstrapMvc.Bootstrap3\BootstrapMvc.Bootstrap3.csproj", "{9FAEE806-C15F-4CEE-992B-C5CDC431EAB8}"
EndProject
Project("{FAE04EC0-301F-11D3-BF4B-00C04F79EFBC}") = "BootstrapMvc.Core.Tests", "BootstrapMvc.Core.Tests\BootstrapMvc.Core.Tests.csproj", "{B7F0123E-6D3E-4172-AEE8-268C1DCD8928}"
EndProject
Project("{FAE04EC0-301F-11D3-BF4B-00C04F79EFBC}") = "BootstrapMvc.Bootstrap3.Tests", "BootstrapMvc.Bootstrap3.Tests\BootstrapMvc.Bootstrap3.Tests.csproj", "{53E247CC-C215-479C-8B25-FCC27AE249AA}"
EndProject
Project("{FAE04EC0-301F-11D3-BF4B-00C04F79EFBC}") = "BootstrapMvc.Mvc5.Tests", "BootstrapMvc.Mvc5.Tests\BootstrapMvc.Mvc5.Tests.csproj", "{F083E97C-5C44-453F-B3FE-4ADDE29B190F}"
EndProject
Project("{FAE04EC0-301F-11D3-BF4B-00C04F79EFBC}") = "Bootstrap3Mvc5.Sample", "Bootstrap3Mvc5.Sample\Bootstrap3Mvc5.Sample.csproj", "{CD482F49-30AB-4CA0-B7EE-403A97A48631}"
EndProject
Project("{FAE04EC0-301F-11D3-BF4B-00C04F79EFBC}") = "BootstrapMvc.Bootstrap3Mvc5", "BootstrapMvc.Bootstrap3Mvc5\BootstrapMvc.Bootstrap3Mvc5.csproj", "{07BCE768-CFBD-46BC-B208-299D2C2EB29E}"
EndProject
Project("{2150E333-8FDC-42A3-9474-1A3956D46DE8}") = "Solution Items", "Solution Items", "{91AC3ED2-7CF4-4F0B-9300-36185CC6B831}"
	ProjectSection(SolutionItems) = preProject
		create-packages.cmd = create-packages.cmd
		README.md = README.md
	EndProjectSection
EndProject
Global
	GlobalSection(SolutionConfigurationPlatforms) = preSolution
		Debug|Any CPU = Debug|Any CPU
		Debug|ARM = Debug|ARM
		Debug|x64 = Debug|x64
		Debug|x86 = Debug|x86
		Release|Any CPU = Release|Any CPU
		Release|ARM = Release|ARM
		Release|x64 = Release|x64
		Release|x86 = Release|x86
	EndGlobalSection
	GlobalSection(ProjectConfigurationPlatforms) = postSolution
		{EA934FA0-71AA-4F8F-BD50-3AF7F487785A}.Debug|Any CPU.ActiveCfg = Debug|Any CPU
		{EA934FA0-71AA-4F8F-BD50-3AF7F487785A}.Debug|Any CPU.Build.0 = Debug|Any CPU
		{EA934FA0-71AA-4F8F-BD50-3AF7F487785A}.Debug|ARM.ActiveCfg = Debug|Any CPU
		{EA934FA0-71AA-4F8F-BD50-3AF7F487785A}.Debug|x64.ActiveCfg = Debug|Any CPU
		{EA934FA0-71AA-4F8F-BD50-3AF7F487785A}.Debug|x86.ActiveCfg = Debug|Any CPU
		{EA934FA0-71AA-4F8F-BD50-3AF7F487785A}.Release|Any CPU.ActiveCfg = Release|Any CPU
		{EA934FA0-71AA-4F8F-BD50-3AF7F487785A}.Release|Any CPU.Build.0 = Release|Any CPU
		{EA934FA0-71AA-4F8F-BD50-3AF7F487785A}.Release|ARM.ActiveCfg = Release|Any CPU
		{EA934FA0-71AA-4F8F-BD50-3AF7F487785A}.Release|x64.ActiveCfg = Release|Any CPU
		{EA934FA0-71AA-4F8F-BD50-3AF7F487785A}.Release|x86.ActiveCfg = Release|Any CPU
		{E4B26AC5-D86E-4A87-8786-506283281EA9}.Debug|Any CPU.ActiveCfg = Debug|Any CPU
		{E4B26AC5-D86E-4A87-8786-506283281EA9}.Debug|Any CPU.Build.0 = Debug|Any CPU
		{E4B26AC5-D86E-4A87-8786-506283281EA9}.Debug|ARM.ActiveCfg = Debug|Any CPU
		{E4B26AC5-D86E-4A87-8786-506283281EA9}.Debug|x64.ActiveCfg = Debug|Any CPU
		{E4B26AC5-D86E-4A87-8786-506283281EA9}.Debug|x86.ActiveCfg = Debug|Any CPU
		{E4B26AC5-D86E-4A87-8786-506283281EA9}.Release|Any CPU.ActiveCfg = Release|Any CPU
		{E4B26AC5-D86E-4A87-8786-506283281EA9}.Release|Any CPU.Build.0 = Release|Any CPU
		{E4B26AC5-D86E-4A87-8786-506283281EA9}.Release|ARM.ActiveCfg = Release|Any CPU
		{E4B26AC5-D86E-4A87-8786-506283281EA9}.Release|x64.ActiveCfg = Release|Any CPU
		{E4B26AC5-D86E-4A87-8786-506283281EA9}.Release|x86.ActiveCfg = Release|Any CPU
		{9FAEE806-C15F-4CEE-992B-C5CDC431EAB8}.Debug|Any CPU.ActiveCfg = Debug|Any CPU
		{9FAEE806-C15F-4CEE-992B-C5CDC431EAB8}.Debug|Any CPU.Build.0 = Debug|Any CPU
		{9FAEE806-C15F-4CEE-992B-C5CDC431EAB8}.Debug|ARM.ActiveCfg = Debug|Any CPU
		{9FAEE806-C15F-4CEE-992B-C5CDC431EAB8}.Debug|x64.ActiveCfg = Debug|Any CPU
		{9FAEE806-C15F-4CEE-992B-C5CDC431EAB8}.Debug|x86.ActiveCfg = Debug|Any CPU
		{9FAEE806-C15F-4CEE-992B-C5CDC431EAB8}.Release|Any CPU.ActiveCfg = Release|Any CPU
		{9FAEE806-C15F-4CEE-992B-C5CDC431EAB8}.Release|Any CPU.Build.0 = Release|Any CPU
		{9FAEE806-C15F-4CEE-992B-C5CDC431EAB8}.Release|ARM.ActiveCfg = Release|Any CPU
		{9FAEE806-C15F-4CEE-992B-C5CDC431EAB8}.Release|x64.ActiveCfg = Release|Any CPU
		{9FAEE806-C15F-4CEE-992B-C5CDC431EAB8}.Release|x86.ActiveCfg = Release|Any CPU
		{B7F0123E-6D3E-4172-AEE8-268C1DCD8928}.Debug|Any CPU.ActiveCfg = Debug|Any CPU
		{B7F0123E-6D3E-4172-AEE8-268C1DCD8928}.Debug|Any CPU.Build.0 = Debug|Any CPU
		{B7F0123E-6D3E-4172-AEE8-268C1DCD8928}.Debug|ARM.ActiveCfg = Debug|Any CPU
		{B7F0123E-6D3E-4172-AEE8-268C1DCD8928}.Debug|x64.ActiveCfg = Debug|Any CPU
		{B7F0123E-6D3E-4172-AEE8-268C1DCD8928}.Debug|x86.ActiveCfg = Debug|Any CPU
		{B7F0123E-6D3E-4172-AEE8-268C1DCD8928}.Release|Any CPU.ActiveCfg = Release|Any CPU
		{B7F0123E-6D3E-4172-AEE8-268C1DCD8928}.Release|Any CPU.Build.0 = Release|Any CPU
		{B7F0123E-6D3E-4172-AEE8-268C1DCD8928}.Release|ARM.ActiveCfg = Release|Any CPU
		{B7F0123E-6D3E-4172-AEE8-268C1DCD8928}.Release|x64.ActiveCfg = Release|Any CPU
		{B7F0123E-6D3E-4172-AEE8-268C1DCD8928}.Release|x86.ActiveCfg = Release|Any CPU
		{53E247CC-C215-479C-8B25-FCC27AE249AA}.Debug|Any CPU.ActiveCfg = Debug|Any CPU
		{53E247CC-C215-479C-8B25-FCC27AE249AA}.Debug|Any CPU.Build.0 = Debug|Any CPU
		{53E247CC-C215-479C-8B25-FCC27AE249AA}.Debug|ARM.ActiveCfg = Debug|Any CPU
		{53E247CC-C215-479C-8B25-FCC27AE249AA}.Debug|x64.ActiveCfg = Debug|Any CPU
		{53E247CC-C215-479C-8B25-FCC27AE249AA}.Debug|x86.ActiveCfg = Debug|Any CPU
		{53E247CC-C215-479C-8B25-FCC27AE249AA}.Release|Any CPU.ActiveCfg = Release|Any CPU
		{53E247CC-C215-479C-8B25-FCC27AE249AA}.Release|Any CPU.Build.0 = Release|Any CPU
		{53E247CC-C215-479C-8B25-FCC27AE249AA}.Release|ARM.ActiveCfg = Release|Any CPU
		{53E247CC-C215-479C-8B25-FCC27AE249AA}.Release|x64.ActiveCfg = Release|Any CPU
		{53E247CC-C215-479C-8B25-FCC27AE249AA}.Release|x86.ActiveCfg = Release|Any CPU
		{F083E97C-5C44-453F-B3FE-4ADDE29B190F}.Debug|Any CPU.ActiveCfg = Debug|Any CPU
		{F083E97C-5C44-453F-B3FE-4ADDE29B190F}.Debug|Any CPU.Build.0 = Debug|Any CPU
		{F083E97C-5C44-453F-B3FE-4ADDE29B190F}.Debug|ARM.ActiveCfg = Debug|Any CPU
		{F083E97C-5C44-453F-B3FE-4ADDE29B190F}.Debug|x64.ActiveCfg = Debug|Any CPU
		{F083E97C-5C44-453F-B3FE-4ADDE29B190F}.Debug|x86.ActiveCfg = Debug|Any CPU
		{F083E97C-5C44-453F-B3FE-4ADDE29B190F}.Release|Any CPU.ActiveCfg = Release|Any CPU
		{F083E97C-5C44-453F-B3FE-4ADDE29B190F}.Release|Any CPU.Build.0 = Release|Any CPU
		{F083E97C-5C44-453F-B3FE-4ADDE29B190F}.Release|ARM.ActiveCfg = Release|Any CPU
		{F083E97C-5C44-453F-B3FE-4ADDE29B190F}.Release|x64.ActiveCfg = Release|Any CPU
		{F083E97C-5C44-453F-B3FE-4ADDE29B190F}.Release|x86.ActiveCfg = Release|Any CPU
		{CD482F49-30AB-4CA0-B7EE-403A97A48631}.Debug|Any CPU.ActiveCfg = Debug|Any CPU
		{CD482F49-30AB-4CA0-B7EE-403A97A48631}.Debug|Any CPU.Build.0 = Debug|Any CPU
		{CD482F49-30AB-4CA0-B7EE-403A97A48631}.Debug|ARM.ActiveCfg = Debug|Any CPU
		{CD482F49-30AB-4CA0-B7EE-403A97A48631}.Debug|x64.ActiveCfg = Debug|Any CPU
		{CD482F49-30AB-4CA0-B7EE-403A97A48631}.Debug|x86.ActiveCfg = Debug|Any CPU
		{CD482F49-30AB-4CA0-B7EE-403A97A48631}.Release|Any CPU.ActiveCfg = Release|Any CPU
		{CD482F49-30AB-4CA0-B7EE-403A97A48631}.Release|Any CPU.Build.0 = Release|Any CPU
		{CD482F49-30AB-4CA0-B7EE-403A97A48631}.Release|ARM.ActiveCfg = Release|Any CPU
		{CD482F49-30AB-4CA0-B7EE-403A97A48631}.Release|x64.ActiveCfg = Release|Any CPU
		{CD482F49-30AB-4CA0-B7EE-403A97A48631}.Release|x86.ActiveCfg = Release|Any CPU
		{07BCE768-CFBD-46BC-B208-299D2C2EB29E}.Debug|Any CPU.ActiveCfg = Debug|Any CPU
		{07BCE768-CFBD-46BC-B208-299D2C2EB29E}.Debug|Any CPU.Build.0 = Debug|Any CPU
		{07BCE768-CFBD-46BC-B208-299D2C2EB29E}.Debug|ARM.ActiveCfg = Debug|Any CPU
		{07BCE768-CFBD-46BC-B208-299D2C2EB29E}.Debug|x64.ActiveCfg = Debug|Any CPU
		{07BCE768-CFBD-46BC-B208-299D2C2EB29E}.Debug|x86.ActiveCfg = Debug|Any CPU
		{07BCE768-CFBD-46BC-B208-299D2C2EB29E}.Release|Any CPU.ActiveCfg = Release|Any CPU
		{07BCE768-CFBD-46BC-B208-299D2C2EB29E}.Release|Any CPU.Build.0 = Release|Any CPU
		{07BCE768-CFBD-46BC-B208-299D2C2EB29E}.Release|ARM.ActiveCfg = Release|Any CPU
		{07BCE768-CFBD-46BC-B208-299D2C2EB29E}.Release|x64.ActiveCfg = Release|Any CPU
		{07BCE768-CFBD-46BC-B208-299D2C2EB29E}.Release|x86.ActiveCfg = Release|Any CPU
	EndGlobalSection
	GlobalSection(SolutionProperties) = preSolution
		HideSolutionNode = FALSE
	EndGlobalSection
EndGlobal
