
Microsoft Visual Studio Solution File, Format Version 12.00
# Visual Studio 14
VisualStudioVersion = 14.0.25123.0
MinimumVisualStudioVersion = 10.0.40219.1
Project("{2150E333-8FDC-42A3-9474-1A3956D46DE8}") = "Solution Items", "Solution Items", "{91AC3ED2-7CF4-4F0B-9300-36185CC6B831}"
	ProjectSection(SolutionItems) = preProject
		.gitignore = .gitignore
		global.json = global.json
		README.md = README.md
	EndProjectSection
EndProject
Project("{2150E333-8FDC-42A3-9474-1A3956D46DE8}") = "src", "src", "{BCDFFE35-4DCF-491D-B527-C92ECDC1C4A2}"
EndProject
Project("{2150E333-8FDC-42A3-9474-1A3956D46DE8}") = "test", "test", "{ACA2B98A-4BD6-4D45-9994-A2AB63321759}"
EndProject
Project("{8BB2217D-0F2D-49D1-97BC-3654ED321F3B}") = "BootstrapMvc.Bootstrap3", "src\BootstrapMvc.Bootstrap3\BootstrapMvc.Bootstrap3.xproj", "{A4B2EEF7-DFAA-4D23-930F-9899018264E8}"
EndProject
Project("{8BB2217D-0F2D-49D1-97BC-3654ED321F3B}") = "BootstrapMvc.Mvc5", "src\BootstrapMvc.Mvc5\BootstrapMvc.Mvc5.xproj", "{9CDE6468-D9FD-46BE-925F-24733C502AD7}"
EndProject
Project("{8BB2217D-0F2D-49D1-97BC-3654ED321F3B}") = "BootstrapMvc.Bootstrap3Mvc5", "src\BootstrapMvc.Bootstrap3Mvc5\BootstrapMvc.Bootstrap3Mvc5.xproj", "{DDDD8A3F-BD6B-4069-84F4-C8B11E7065EA}"
EndProject
Project("{2150E333-8FDC-42A3-9474-1A3956D46DE8}") = ".nuget", ".nuget", "{63779FC3-2F85-44B7-9E85-00424B7E841E}"
	ProjectSection(SolutionItems) = preProject
		.nuget\NuGet.Config = .nuget\NuGet.Config
		.nuget\NuGet.exe = .nuget\NuGet.exe
		.nuget\NuGet.targets = .nuget\NuGet.targets
	EndProjectSection
EndProject
Project("{8BB2217D-0F2D-49D1-97BC-3654ED321F3B}") = "BootstrapMvc.Mvc6", "src\BootstrapMvc.Mvc6\BootstrapMvc.Mvc6.xproj", "{465B343B-E3B5-45FD-9C2D-121B9E1561BB}"
EndProject
Project("{8BB2217D-0F2D-49D1-97BC-3654ED321F3B}") = "BootstrapMvc.Bootstrap3Mvc6", "src\BootstrapMvc.Bootstrap3Mvc6\BootstrapMvc.Bootstrap3Mvc6.xproj", "{11661D89-EF0C-40CA-848F-18CC88109DCB}"
EndProject
Project("{2150E333-8FDC-42A3-9474-1A3956D46DE8}") = "samples", "samples", "{70B3577B-F19C-4673-BC2C-283D870BC462}"
EndProject
Project("{8BB2217D-0F2D-49D1-97BC-3654ED321F3B}") = "Bootstrap3Mvc6.Sample", "samples\Bootstrap3Mvc6.Sample\Bootstrap3Mvc6.Sample.xproj", "{C487D67A-D775-47DE-944B-823F817BA16A}"
EndProject
Project("{8BB2217D-0F2D-49D1-97BC-3654ED321F3B}") = "BootstrapMvc.Core", "src\BootstrapMvc.Core\BootstrapMvc.Core.xproj", "{C5BEBB26-02E0-4B6C-BEB7-70393DD1D833}"
EndProject
Project("{FAE04EC0-301F-11D3-BF4B-00C04F79EFBC}") = "Bootstrap3Mvc5.Sample", "samples\Bootstrap3Mvc5.Sample\Bootstrap3Mvc5.Sample.csproj", "{CD482F49-30AB-4CA0-B7EE-403A97A48631}"
EndProject
Global
	GlobalSection(SolutionConfigurationPlatforms) = preSolution
		Debug|Any CPU = Debug|Any CPU
		Debug|ARM = Debug|ARM
		Debug|x64 = Debug|x64
		Debug|x86 = Debug|x86
		Release|Any CPU = Release|Any CPU
		Release|ARM = Release|ARM
		Release|x64 = Release|x64
		Release|x86 = Release|x86
	EndGlobalSection
	GlobalSection(ProjectConfigurationPlatforms) = postSolution
		{A4B2EEF7-DFAA-4D23-930F-9899018264E8}.Debug|Any CPU.ActiveCfg = Debug|Any CPU
		{A4B2EEF7-DFAA-4D23-930F-9899018264E8}.Debug|Any CPU.Build.0 = Debug|Any CPU
		{A4B2EEF7-DFAA-4D23-930F-9899018264E8}.Debug|ARM.ActiveCfg = Debug|Any CPU
		{A4B2EEF7-DFAA-4D23-930F-9899018264E8}.Debug|ARM.Build.0 = Debug|Any CPU
		{A4B2EEF7-DFAA-4D23-930F-9899018264E8}.Debug|x64.ActiveCfg = Debug|Any CPU
		{A4B2EEF7-DFAA-4D23-930F-9899018264E8}.Debug|x64.Build.0 = Debug|Any CPU
		{A4B2EEF7-DFAA-4D23-930F-9899018264E8}.Debug|x86.ActiveCfg = Debug|Any CPU
		{A4B2EEF7-DFAA-4D23-930F-9899018264E8}.Debug|x86.Build.0 = Debug|Any CPU
		{A4B2EEF7-DFAA-4D23-930F-9899018264E8}.Release|Any CPU.ActiveCfg = Release|Any CPU
		{A4B2EEF7-DFAA-4D23-930F-9899018264E8}.Release|Any CPU.Build.0 = Release|Any CPU
		{A4B2EEF7-DFAA-4D23-930F-9899018264E8}.Release|ARM.ActiveCfg = Release|Any CPU
		{A4B2EEF7-DFAA-4D23-930F-9899018264E8}.Release|ARM.Build.0 = Release|Any CPU
		{A4B2EEF7-DFAA-4D23-930F-9899018264E8}.Release|x64.ActiveCfg = Release|Any CPU
		{A4B2EEF7-DFAA-4D23-930F-9899018264E8}.Release|x64.Build.0 = Release|Any CPU
		{A4B2EEF7-DFAA-4D23-930F-9899018264E8}.Release|x86.ActiveCfg = Release|Any CPU
		{A4B2EEF7-DFAA-4D23-930F-9899018264E8}.Release|x86.Build.0 = Release|Any CPU
		{9CDE6468-D9FD-46BE-925F-24733C502AD7}.Debug|Any CPU.ActiveCfg = Debug|Any CPU
		{9CDE6468-D9FD-46BE-925F-24733C502AD7}.Debug|Any CPU.Build.0 = Debug|Any CPU
		{9CDE6468-D9FD-46BE-925F-24733C502AD7}.Debug|ARM.ActiveCfg = Debug|Any CPU
		{9CDE6468-D9FD-46BE-925F-24733C502AD7}.Debug|ARM.Build.0 = Debug|Any CPU
		{9CDE6468-D9FD-46BE-925F-24733C502AD7}.Debug|x64.ActiveCfg = Debug|Any CPU
		{9CDE6468-D9FD-46BE-925F-24733C502AD7}.Debug|x64.Build.0 = Debug|Any CPU
		{9CDE6468-D9FD-46BE-925F-24733C502AD7}.Debug|x86.ActiveCfg = Debug|Any CPU
		{9CDE6468-D9FD-46BE-925F-24733C502AD7}.Debug|x86.Build.0 = Debug|Any CPU
		{9CDE6468-D9FD-46BE-925F-24733C502AD7}.Release|Any CPU.ActiveCfg = Release|Any CPU
		{9CDE6468-D9FD-46BE-925F-24733C502AD7}.Release|Any CPU.Build.0 = Release|Any CPU
		{9CDE6468-D9FD-46BE-925F-24733C502AD7}.Release|ARM.ActiveCfg = Release|Any CPU
		{9CDE6468-D9FD-46BE-925F-24733C502AD7}.Release|ARM.Build.0 = Release|Any CPU
		{9CDE6468-D9FD-46BE-925F-24733C502AD7}.Release|x64.ActiveCfg = Release|Any CPU
		{9CDE6468-D9FD-46BE-925F-24733C502AD7}.Release|x64.Build.0 = Release|Any CPU
		{9CDE6468-D9FD-46BE-925F-24733C502AD7}.Release|x86.ActiveCfg = Release|Any CPU
		{9CDE6468-D9FD-46BE-925F-24733C502AD7}.Release|x86.Build.0 = Release|Any CPU
		{DDDD8A3F-BD6B-4069-84F4-C8B11E7065EA}.Debug|Any CPU.ActiveCfg = Debug|Any CPU
		{DDDD8A3F-BD6B-4069-84F4-C8B11E7065EA}.Debug|Any CPU.Build.0 = Debug|Any CPU
		{DDDD8A3F-BD6B-4069-84F4-C8B11E7065EA}.Debug|ARM.ActiveCfg = Debug|Any CPU
		{DDDD8A3F-BD6B-4069-84F4-C8B11E7065EA}.Debug|ARM.Build.0 = Debug|Any CPU
		{DDDD8A3F-BD6B-4069-84F4-C8B11E7065EA}.Debug|x64.ActiveCfg = Debug|Any CPU
		{DDDD8A3F-BD6B-4069-84F4-C8B11E7065EA}.Debug|x64.Build.0 = Debug|Any CPU
		{DDDD8A3F-BD6B-4069-84F4-C8B11E7065EA}.Debug|x86.ActiveCfg = Debug|Any CPU
		{DDDD8A3F-BD6B-4069-84F4-C8B11E7065EA}.Debug|x86.Build.0 = Debug|Any CPU
		{DDDD8A3F-BD6B-4069-84F4-C8B11E7065EA}.Release|Any CPU.ActiveCfg = Release|Any CPU
		{DDDD8A3F-BD6B-4069-84F4-C8B11E7065EA}.Release|Any CPU.Build.0 = Release|Any CPU
		{DDDD8A3F-BD6B-4069-84F4-C8B11E7065EA}.Release|ARM.ActiveCfg = Release|Any CPU
		{DDDD8A3F-BD6B-4069-84F4-C8B11E7065EA}.Release|ARM.Build.0 = Release|Any CPU
		{DDDD8A3F-BD6B-4069-84F4-C8B11E7065EA}.Release|x64.ActiveCfg = Release|Any CPU
		{DDDD8A3F-BD6B-4069-84F4-C8B11E7065EA}.Release|x64.Build.0 = Release|Any CPU
		{DDDD8A3F-BD6B-4069-84F4-C8B11E7065EA}.Release|x86.ActiveCfg = Release|Any CPU
		{DDDD8A3F-BD6B-4069-84F4-C8B11E7065EA}.Release|x86.Build.0 = Release|Any CPU
		{465B343B-E3B5-45FD-9C2D-121B9E1561BB}.Debug|Any CPU.ActiveCfg = Debug|Any CPU
		{465B343B-E3B5-45FD-9C2D-121B9E1561BB}.Debug|Any CPU.Build.0 = Debug|Any CPU
		{465B343B-E3B5-45FD-9C2D-121B9E1561BB}.Debug|ARM.ActiveCfg = Debug|Any CPU
		{465B343B-E3B5-45FD-9C2D-121B9E1561BB}.Debug|ARM.Build.0 = Debug|Any CPU
		{465B343B-E3B5-45FD-9C2D-121B9E1561BB}.Debug|x64.ActiveCfg = Debug|Any CPU
		{465B343B-E3B5-45FD-9C2D-121B9E1561BB}.Debug|x64.Build.0 = Debug|Any CPU
		{465B343B-E3B5-45FD-9C2D-121B9E1561BB}.Debug|x86.ActiveCfg = Debug|Any CPU
		{465B343B-E3B5-45FD-9C2D-121B9E1561BB}.Debug|x86.Build.0 = Debug|Any CPU
		{465B343B-E3B5-45FD-9C2D-121B9E1561BB}.Release|Any CPU.ActiveCfg = Release|Any CPU
		{465B343B-E3B5-45FD-9C2D-121B9E1561BB}.Release|Any CPU.Build.0 = Release|Any CPU
		{465B343B-E3B5-45FD-9C2D-121B9E1561BB}.Release|ARM.ActiveCfg = Release|Any CPU
		{465B343B-E3B5-45FD-9C2D-121B9E1561BB}.Release|ARM.Build.0 = Release|Any CPU
		{465B343B-E3B5-45FD-9C2D-121B9E1561BB}.Release|x64.ActiveCfg = Release|Any CPU
		{465B343B-E3B5-45FD-9C2D-121B9E1561BB}.Release|x64.Build.0 = Release|Any CPU
		{465B343B-E3B5-45FD-9C2D-121B9E1561BB}.Release|x86.ActiveCfg = Release|Any CPU
		{465B343B-E3B5-45FD-9C2D-121B9E1561BB}.Release|x86.Build.0 = Release|Any CPU
		{11661D89-EF0C-40CA-848F-18CC88109DCB}.Debug|Any CPU.ActiveCfg = Debug|Any CPU
		{11661D89-EF0C-40CA-848F-18CC88109DCB}.Debug|Any CPU.Build.0 = Debug|Any CPU
		{11661D89-EF0C-40CA-848F-18CC88109DCB}.Debug|ARM.ActiveCfg = Debug|Any CPU
		{11661D89-EF0C-40CA-848F-18CC88109DCB}.Debug|ARM.Build.0 = Debug|Any CPU
		{11661D89-EF0C-40CA-848F-18CC88109DCB}.Debug|x64.ActiveCfg = Debug|Any CPU
		{11661D89-EF0C-40CA-848F-18CC88109DCB}.Debug|x64.Build.0 = Debug|Any CPU
		{11661D89-EF0C-40CA-848F-18CC88109DCB}.Debug|x86.ActiveCfg = Debug|Any CPU
		{11661D89-EF0C-40CA-848F-18CC88109DCB}.Debug|x86.Build.0 = Debug|Any CPU
		{11661D89-EF0C-40CA-848F-18CC88109DCB}.Release|Any CPU.ActiveCfg = Release|Any CPU
		{11661D89-EF0C-40CA-848F-18CC88109DCB}.Release|Any CPU.Build.0 = Release|Any CPU
		{11661D89-EF0C-40CA-848F-18CC88109DCB}.Release|ARM.ActiveCfg = Release|Any CPU
		{11661D89-EF0C-40CA-848F-18CC88109DCB}.Release|ARM.Build.0 = Release|Any CPU
		{11661D89-EF0C-40CA-848F-18CC88109DCB}.Release|x64.ActiveCfg = Release|Any CPU
		{11661D89-EF0C-40CA-848F-18CC88109DCB}.Release|x64.Build.0 = Release|Any CPU
		{11661D89-EF0C-40CA-848F-18CC88109DCB}.Release|x86.ActiveCfg = Release|Any CPU
		{11661D89-EF0C-40CA-848F-18CC88109DCB}.Release|x86.Build.0 = Release|Any CPU
		{C487D67A-D775-47DE-944B-823F817BA16A}.Debug|Any CPU.ActiveCfg = Debug|Any CPU
		{C487D67A-D775-47DE-944B-823F817BA16A}.Debug|Any CPU.Build.0 = Debug|Any CPU
		{C487D67A-D775-47DE-944B-823F817BA16A}.Debug|ARM.ActiveCfg = Debug|Any CPU
		{C487D67A-D775-47DE-944B-823F817BA16A}.Debug|ARM.Build.0 = Debug|Any CPU
		{C487D67A-D775-47DE-944B-823F817BA16A}.Debug|x64.ActiveCfg = Debug|Any CPU
		{C487D67A-D775-47DE-944B-823F817BA16A}.Debug|x64.Build.0 = Debug|Any CPU
		{C487D67A-D775-47DE-944B-823F817BA16A}.Debug|x86.ActiveCfg = Debug|Any CPU
		{C487D67A-D775-47DE-944B-823F817BA16A}.Debug|x86.Build.0 = Debug|Any CPU
		{C487D67A-D775-47DE-944B-823F817BA16A}.Release|Any CPU.ActiveCfg = Release|Any CPU
		{C487D67A-D775-47DE-944B-823F817BA16A}.Release|Any CPU.Build.0 = Release|Any CPU
		{C487D67A-D775-47DE-944B-823F817BA16A}.Release|ARM.ActiveCfg = Release|Any CPU
		{C487D67A-D775-47DE-944B-823F817BA16A}.Release|ARM.Build.0 = Release|Any CPU
		{C487D67A-D775-47DE-944B-823F817BA16A}.Release|x64.ActiveCfg = Release|Any CPU
		{C487D67A-D775-47DE-944B-823F817BA16A}.Release|x64.Build.0 = Release|Any CPU
		{C487D67A-D775-47DE-944B-823F817BA16A}.Release|x86.ActiveCfg = Release|Any CPU
		{C487D67A-D775-47DE-944B-823F817BA16A}.Release|x86.Build.0 = Release|Any CPU
		{C5BEBB26-02E0-4B6C-BEB7-70393DD1D833}.Debug|Any CPU.ActiveCfg = Debug|Any CPU
		{C5BEBB26-02E0-4B6C-BEB7-70393DD1D833}.Debug|Any CPU.Build.0 = Debug|Any CPU
		{C5BEBB26-02E0-4B6C-BEB7-70393DD1D833}.Debug|ARM.ActiveCfg = Debug|Any CPU
		{C5BEBB26-02E0-4B6C-BEB7-70393DD1D833}.Debug|ARM.Build.0 = Debug|Any CPU
		{C5BEBB26-02E0-4B6C-BEB7-70393DD1D833}.Debug|x64.ActiveCfg = Debug|Any CPU
		{C5BEBB26-02E0-4B6C-BEB7-70393DD1D833}.Debug|x64.Build.0 = Debug|Any CPU
		{C5BEBB26-02E0-4B6C-BEB7-70393DD1D833}.Debug|x86.ActiveCfg = Debug|Any CPU
		{C5BEBB26-02E0-4B6C-BEB7-70393DD1D833}.Debug|x86.Build.0 = Debug|Any CPU
		{C5BEBB26-02E0-4B6C-BEB7-70393DD1D833}.Release|Any CPU.ActiveCfg = Release|Any CPU
		{C5BEBB26-02E0-4B6C-BEB7-70393DD1D833}.Release|Any CPU.Build.0 = Release|Any CPU
		{C5BEBB26-02E0-4B6C-BEB7-70393DD1D833}.Release|ARM.ActiveCfg = Release|Any CPU
		{C5BEBB26-02E0-4B6C-BEB7-70393DD1D833}.Release|ARM.Build.0 = Release|Any CPU
		{C5BEBB26-02E0-4B6C-BEB7-70393DD1D833}.Release|x64.ActiveCfg = Release|Any CPU
		{C5BEBB26-02E0-4B6C-BEB7-70393DD1D833}.Release|x64.Build.0 = Release|Any CPU
		{C5BEBB26-02E0-4B6C-BEB7-70393DD1D833}.Release|x86.ActiveCfg = Release|Any CPU
		{C5BEBB26-02E0-4B6C-BEB7-70393DD1D833}.Release|x86.Build.0 = Release|Any CPU
		{CD482F49-30AB-4CA0-B7EE-403A97A48631}.Debug|Any CPU.ActiveCfg = Debug|Any CPU
		{CD482F49-30AB-4CA0-B7EE-403A97A48631}.Debug|Any CPU.Build.0 = Debug|Any CPU
		{CD482F49-30AB-4CA0-B7EE-403A97A48631}.Debug|ARM.ActiveCfg = Debug|Any CPU
		{CD482F49-30AB-4CA0-B7EE-403A97A48631}.Debug|ARM.Build.0 = Debug|Any CPU
		{CD482F49-30AB-4CA0-B7EE-403A97A48631}.Debug|x64.ActiveCfg = Debug|Any CPU
		{CD482F49-30AB-4CA0-B7EE-403A97A48631}.Debug|x64.Build.0 = Debug|Any CPU
		{CD482F49-30AB-4CA0-B7EE-403A97A48631}.Debug|x86.ActiveCfg = Debug|Any CPU
		{CD482F49-30AB-4CA0-B7EE-403A97A48631}.Debug|x86.Build.0 = Debug|Any CPU
		{CD482F49-30AB-4CA0-B7EE-403A97A48631}.Release|Any CPU.ActiveCfg = Release|Any CPU
		{CD482F49-30AB-4CA0-B7EE-403A97A48631}.Release|Any CPU.Build.0 = Release|Any CPU
		{CD482F49-30AB-4CA0-B7EE-403A97A48631}.Release|ARM.ActiveCfg = Release|Any CPU
		{CD482F49-30AB-4CA0-B7EE-403A97A48631}.Release|ARM.Build.0 = Release|Any CPU
		{CD482F49-30AB-4CA0-B7EE-403A97A48631}.Release|x64.ActiveCfg = Release|Any CPU
		{CD482F49-30AB-4CA0-B7EE-403A97A48631}.Release|x64.Build.0 = Release|Any CPU
		{CD482F49-30AB-4CA0-B7EE-403A97A48631}.Release|x86.ActiveCfg = Release|Any CPU
		{CD482F49-30AB-4CA0-B7EE-403A97A48631}.Release|x86.Build.0 = Release|Any CPU
	EndGlobalSection
	GlobalSection(SolutionProperties) = preSolution
		HideSolutionNode = FALSE
	EndGlobalSection
	GlobalSection(NestedProjects) = preSolution
		{A4B2EEF7-DFAA-4D23-930F-9899018264E8} = {BCDFFE35-4DCF-491D-B527-C92ECDC1C4A2}
		{9CDE6468-D9FD-46BE-925F-24733C502AD7} = {BCDFFE35-4DCF-491D-B527-C92ECDC1C4A2}
		{DDDD8A3F-BD6B-4069-84F4-C8B11E7065EA} = {BCDFFE35-4DCF-491D-B527-C92ECDC1C4A2}
		{465B343B-E3B5-45FD-9C2D-121B9E1561BB} = {BCDFFE35-4DCF-491D-B527-C92ECDC1C4A2}
		{11661D89-EF0C-40CA-848F-18CC88109DCB} = {BCDFFE35-4DCF-491D-B527-C92ECDC1C4A2}
		{C487D67A-D775-47DE-944B-823F817BA16A} = {70B3577B-F19C-4673-BC2C-283D870BC462}
		{C5BEBB26-02E0-4B6C-BEB7-70393DD1D833} = {BCDFFE35-4DCF-491D-B527-C92ECDC1C4A2}
		{CD482F49-30AB-4CA0-B7EE-403A97A48631} = {70B3577B-F19C-4673-BC2C-283D870BC462}
	EndGlobalSection
EndGlobal
